
Microsoft Visual Studio Solution File, Format Version 12.00
# Visual Studio Version 16
VisualStudioVersion = 16.0.30204.135
MinimumVisualStudioVersion = 10.0.40219.1
Project("{FAE04EC0-301F-11D3-BF4B-00C04F79EFBC}") = "BlazorApp", "BlazorApp\BlazorApp.csproj", "{C13968EA-E72F-41B5-A7C0-F41FF614AD49}"
EndProject
Global
	GlobalSection(SolutionConfigurationPlatforms) = preSolution
		Debug|Any CPU = Debug|Any CPU
		Release|Any CPU = Release|Any CPU
	EndGlobalSection
	GlobalSection(ProjectConfigurationPlatforms) = postSolution
		{C13968EA-E72F-41B5-A7C0-F41FF614AD49}.Debug|Any CPU.ActiveCfg = Debug|Any CPU
		{C13968EA-E72F-41B5-A7C0-F41FF614AD49}.Debug|Any CPU.Build.0 = Debug|Any CPU
		{C13968EA-E72F-41B5-A7C0-F41FF614AD49}.Release|Any CPU.ActiveCfg = Release|Any CPU
		{C13968EA-E72F-41B5-A7C0-F41FF614AD49}.Release|Any CPU.Build.0 = Release|Any CPU
	EndGlobalSection
	GlobalSection(SolutionProperties) = preSolution
		HideSolutionNode = FALSE
	EndGlobalSection
	GlobalSection(ExtensibilityGlobals) = postSolution
		SolutionGuid = {A6935730-A3AD-4A11-9F89-554ACC0BEE53}
	EndGlobalSection
EndGlobal
